
Microsoft Visual Studio Solution File, Format Version 12.00
# Visual Studio Version 17
VisualStudioVersion = 17.8.34511.84
MinimumVisualStudioVersion = 10.0.40219.1
Project("{FAE04EC0-301F-11D3-BF4B-00C04F79EFBC}") = "Exercise1", "Exercise1\Exercise1.csproj", "{1A6BD0FD-4C69-48BF-918B-F0D938CC5CBA}"
EndProject
Global
	GlobalSection(SolutionConfigurationPlatforms) = preSolution
		Debug|Any CPU = Debug|Any CPU
		Release|Any CPU = Release|Any CPU
	EndGlobalSection
	GlobalSection(ProjectConfigurationPlatforms) = postSolution
		{1A6BD0FD-4C69-48BF-918B-F0D938CC5CBA}.Debug|Any CPU.ActiveCfg = Debug|Any CPU
		{1A6BD0FD-4C69-48BF-918B-F0D938CC5CBA}.Debug|Any CPU.Build.0 = Debug|Any CPU
		{1A6BD0FD-4C69-48BF-918B-F0D938CC5CBA}.Release|Any CPU.ActiveCfg = Release|Any CPU
		{1A6BD0FD-4C69-48BF-918B-F0D938CC5CBA}.Release|Any CPU.Build.0 = Release|Any CPU
	EndGlobalSection
	GlobalSection(SolutionProperties) = preSolution
		HideSolutionNode = FALSE
	EndGlobalSection
	GlobalSection(ExtensibilityGlobals) = postSolution
		SolutionGuid = {4FB5AA59-17CF-4659-80EA-62D7D5865823}
	EndGlobalSection
EndGlobal
